{
  "version": 4,
  "terraform_version": "1.14.7",
  "serial": 10,
  "lineage": "4c472ce6-1944-7b47-f138-10600ccda8e3",
  "outputs": {
    "files_created": {
      "value": [
        "./output/live-app-0.txt",
        "./output/live-app-1.txt"
      ],
      "type": [
        "tuple",
        [
          "string",
          "string"
        ]
      ]
    },
    "instance_ids": {
      "value": [
        "brave-piranha",
        "enjoyed-dodo"
      ],
      "type": [
        "tuple",
        [
          "string",
          "string"
        ]
      ]
    }
  },
  "resources": [
    {
      "mode": "managed",
      "type": "local_file",
      "name": "instance_file",
      "provider": "provider[\"registry.terraform.io/hashicorp/local\"]",
      "instances": [
        {
          "index_key": 0,
          "schema_version": 0,
          "attributes": {
            "content": "App Name   : live-app\nEnvironment: dev\nInstance   : 0\nID         : brave-piranha\n",
            "content_base64": null,
            "content_base64sha256": "IlJqsuSZneDxQn/u3mDvkmbZ84oehtctpk2ehVlBHY0=",
            "content_base64sha512": "2qsFz/MjqKGD9Rb0ogzOJJds88IL4g5mZ8wx5lxEXDqcg/v0UkuwDB94QMHa992wisWvcHvsS12jIShquF+MZA==",
            "content_md5": "b15e48128ed01ff7b308b7018c9b2c72",
            "content_sha1": "b2691c861d57f2bd038774feb32fda103c7aabc6",
            "content_sha256": "22526ab2e4999de0f1427feede60ef9266d9f38a1e86d72da64d9e8559411d8d",
            "content_sha512": "daab05cff323a8a183f516f4a20cce24976cf3c20be20e6667cc31e65c445c3a9c83fbf4524bb00c1f7840c1daf7ddb08ac5af707bec4b5da321286ab85f8c64",
            "directory_permission": "0777",
            "file_permission": "0777",
            "filename": "./output/live-app-0.txt",
            "id": "b2691c861d57f2bd038774feb32fda103c7aabc6",
            "sensitive_content": null,
            "source": null
          },
          "sensitive_attributes": [
            [
              {
                "type": "get_attr",
                "value": "sensitive_content"
              }
            ]
          ],
          "identity_schema_version": 0,
          "dependencies": [
            "random_pet.instance"
          ]
        },
        {
          "index_key": 1,
          "schema_version": 0,
          "attributes": {
            "content": "App Name   : live-app\nEnvironment: dev\nInstance   : 1\nID         : enjoyed-dodo\n",
            "content_base64": null,
            "content_base64sha256": "Ctv4CGd8jY+S3wGgWLCEaKDRptPQwlS881xuB5ih1zw=",
            "content_base64sha512": "o+HugQKiWLdM13ZouuK1vg/pWleXNjCvs56IQqXcYnWwfncEU3yWtxe3zqL0khL8y6I7/C9rMCUAmUyQNPOXDg==",
            "content_md5": "0da34bd02d20f080a6f224790a59d254",
            "content_sha1": "da6c75c2f54bd67cc6961158cf2faca7c4812898",
            "content_sha256": "0adbf808677c8d8f92df01a058b08468a0d1a6d3d0c254bcf35c6e0798a1d73c",
            "content_sha512": "a3e1ee8102a258b74cd77668bae2b5be0fe95a57973630afb39e8842a5dc6275b07e7704537c96b717b7cea2f49212fccba23bfc2f6b302500994c9034f3970e",
            "directory_permission": "0777",
            "file_permission": "0777",
            "filename": "./output/live-app-1.txt",
            "id": "da6c75c2f54bd67cc6961158cf2faca7c4812898",
            "sensitive_content": null,
            "source": null
          },
          "sensitive_attributes": [
            [
              {
                "type": "get_attr",
                "value": "sensitive_content"
              }
            ]
          ],
          "identity_schema_version": 0,
          "dependencies": [
            "random_pet.instance"
          ]
        }
      ]
    },
    {
      "mode": "managed",
      "type": "random_pet",
      "name": "instance",
      "provider": "provider[\"registry.terraform.io/hashicorp/random\"]",
      "instances": [
        {
          "index_key": 0,
          "schema_version": 0,
          "attributes": {
            "id": "brave-piranha",
            "keepers": null,
            "length": 2,
            "prefix": null,
            "separator": "-"
          },
          "sensitive_attributes": [],
          "identity_schema_version": 0
        },
        {
          "index_key": 1,
          "schema_version": 0,
          "attributes": {
            "id": "enjoyed-dodo",
            "keepers": null,
            "length": 2,
            "prefix": null,
            "separator": "-"
          },
          "sensitive_attributes": [],
          "identity_schema_version": 0
        }
      ]
    }
  ],
  "check_results": null
}
