{
  "version": 4,
  "terraform_version": "1.14.8",
  "serial": 23,
  "lineage": "4c472ce6-1944-7b47-f138-10600ccda8e3",
  "outputs": {
    "files_created": {
      "value": [
        "./output/live-app-demo-0.txt"
      ],
      "type": [
        "tuple",
        [
          "string"
        ]
      ]
    },
    "instance_ids": {
      "value": [
        "brave-piranha"
      ],
      "type": [
        "tuple",
        [
          "string"
        ]
      ]
    }
  },
  "resources": [
    {
      "mode": "managed",
      "type": "local_file",
      "name": "instance_file",
      "provider": "provider[\"registry.terraform.io/hashicorp/local\"]",
      "instances": [
        {
          "index_key": 0,
          "schema_version": 0,
          "attributes": {
            "content": "App Name   : live-app-demo\nEnvironment: uat\nInstance   : 0\nID         : brave-piranha\n",
            "content_base64": null,
            "content_base64sha256": "GwSHiZU8L7+TcqtAPkuVmgjKMJSblCXty125k0SkGMk=",
            "content_base64sha512": "QE6k3U9MUjUcv54Nrm8zEvCKEzGfg+SAiebtGODh/uod3bptYJWeqbzdYl/GJxIteZwVevehLZea1rDbOGyVBA==",
            "content_md5": "56f9fae5ba20d2c8117ef8c46ea1e6f0",
            "content_sha1": "35bb261d883b5bcd949dbcba8395db6a745504df",
            "content_sha256": "1b048789953c2fbf9372ab403e4b959a08ca30949b9425edcb5db99344a418c9",
            "content_sha512": "404ea4dd4f4c52351cbf9e0dae6f3312f08a13319f83e48089e6ed18e0e1feea1dddba6d60959ea9bcdd625fc627122d799c157af7a12d979ad6b0db386c9504",
            "directory_permission": "0777",
            "file_permission": "0777",
            "filename": "./output/live-app-demo-0.txt",
            "id": "35bb261d883b5bcd949dbcba8395db6a745504df",
            "sensitive_content": null,
            "source": null
          },
          "sensitive_attributes": [
            [
              {
                "type": "get_attr",
                "value": "sensitive_content"
              }
            ]
          ],
          "identity_schema_version": 0,
          "dependencies": [
            "random_pet.instance"
          ]
        }
      ]
    },
    {
      "mode": "managed",
      "type": "random_pet",
      "name": "instance",
      "provider": "provider[\"registry.terraform.io/hashicorp/random\"]",
      "instances": [
        {
          "index_key": 0,
          "schema_version": 0,
          "attributes": {
            "id": "brave-piranha",
            "keepers": null,
            "length": 2,
            "prefix": null,
            "separator": "-"
          },
          "sensitive_attributes": [],
          "identity_schema_version": 0
        }
      ]
    }
  ],
  "check_results": null
}
