{
  "version": 4,
  "terraform_version": "1.14.7",
  "serial": 15,
  "lineage": "4c472ce6-1944-7b47-f138-10600ccda8e3",
  "outputs": {
    "files_created": {
      "value": [
        "./output/live-app-0.txt",
        "./output/live-app-1.txt"
      ],
      "type": [
        "tuple",
        [
          "string",
          "string"
        ]
      ]
    },
    "instance_ids": {
      "value": [
        "brave-piranha",
        "enjoyed-dodo"
      ],
      "type": [
        "tuple",
        [
          "string",
          "string"
        ]
      ]
    }
  },
  "resources": [
    {
      "mode": "managed",
      "type": "local_file",
      "name": "instance_file",
      "provider": "provider[\"registry.terraform.io/hashicorp/local\"]",
      "instances": [
        {
          "index_key": 0,
          "schema_version": 0,
          "attributes": {
            "content": "App Name   : live-app\nEnvironment: uat\nInstance   : 0\nID         : brave-piranha\n",
            "content_base64": null,
            "content_base64sha256": "q3OzVFSJjzvL04lDYF6lEPubmkD4VL76kAsWK9uFE10=",
            "content_base64sha512": "x+oaQuyZLMgnrA1VPhIKVbLnD1aL1OIR58jQF+uDGifzlSivmXLtacx7W+qvsMvM+MvimRdUyyy7zqRalN1lEA==",
            "content_md5": "200f588eee063347e15bdf15ea471c7b",
            "content_sha1": "b12339ec76df39966341c28606de8a3d6219bbac",
            "content_sha256": "ab73b35454898f3bcbd38943605ea510fb9b9a40f854befa900b162bdb85135d",
            "content_sha512": "c7ea1a42ec992cc827ac0d553e120a55b2e70f568bd4e211e7c8d017eb831a27f39528af9972ed69cc7b5beaafb0cbccf8cbe2991754cb2cbbcea45a94dd6510",
            "directory_permission": "0777",
            "file_permission": "0777",
            "filename": "./output/live-app-0.txt",
            "id": "b12339ec76df39966341c28606de8a3d6219bbac",
            "sensitive_content": null,
            "source": null
          },
          "sensitive_attributes": [
            [
              {
                "type": "get_attr",
                "value": "sensitive_content"
              }
            ]
          ],
          "identity_schema_version": 0,
          "dependencies": [
            "random_pet.instance"
          ]
        },
        {
          "index_key": 1,
          "schema_version": 0,
          "attributes": {
            "content": "App Name   : live-app\nEnvironment: uat\nInstance   : 1\nID         : enjoyed-dodo\n",
            "content_base64": null,
            "content_base64sha256": "CBqWkgRAE2rJJXFyRFQuL6zVXr4QJlPxifyFD26ubas=",
            "content_base64sha512": "E1EwEO1eT7wX97wQ9emquDKhmI0aOgyxtq2KrMXo6SYp4KBF1pw9rGhJ9cWncQW98G3i9rCvqcNNEK5IFDEfjQ==",
            "content_md5": "c9e2d007d1318e3b95b3c5280980f488",
            "content_sha1": "133663a0d5c05f4dc199fabcf4edea6e8a6c2d6f",
            "content_sha256": "081a96920440136ac925717244542e2facd55ebe102653f189fc850f6eae6dab",
            "content_sha512": "13513010ed5e4fbc17f7bc10f5e9aab832a1988d1a3a0cb1b6ad8aacc5e8e92629e0a045d69c3dac6849f5c5a77105bdf06de2f6b0afa9c34d10ae4814311f8d",
            "directory_permission": "0777",
            "file_permission": "0777",
            "filename": "./output/live-app-1.txt",
            "id": "133663a0d5c05f4dc199fabcf4edea6e8a6c2d6f",
            "sensitive_content": null,
            "source": null
          },
          "sensitive_attributes": [
            [
              {
                "type": "get_attr",
                "value": "sensitive_content"
              }
            ]
          ],
          "identity_schema_version": 0,
          "dependencies": [
            "random_pet.instance"
          ]
        }
      ]
    },
    {
      "mode": "managed",
      "type": "random_pet",
      "name": "instance",
      "provider": "provider[\"registry.terraform.io/hashicorp/random\"]",
      "instances": [
        {
          "index_key": 0,
          "schema_version": 0,
          "attributes": {
            "id": "brave-piranha",
            "keepers": null,
            "length": 2,
            "prefix": null,
            "separator": "-"
          },
          "sensitive_attributes": [],
          "identity_schema_version": 0
        },
        {
          "index_key": 1,
          "schema_version": 0,
          "attributes": {
            "id": "enjoyed-dodo",
            "keepers": null,
            "length": 2,
            "prefix": null,
            "separator": "-"
          },
          "sensitive_attributes": [],
          "identity_schema_version": 0
        }
      ]
    }
  ],
  "check_results": null
}
